// !$*UTF8*$!
{
	archiveVersion = 1;
	classes = {
	};
	objectVersion = 46;
	objects = {

/* Begin PBXBuildFile section */
		2763B9EB1C2D951700FD3CAE /* RecordedAudio.swift in Sources */ = {isa = PBXBuildFile; fileRef = 2763B9EA1C2D951700FD3CAE /* RecordedAudio.swift */; };
		27C210CF1C2C536900F53602 /* AppDelegate.swift in Sources */ = {isa = PBXBuildFile; fileRef = 27C210CE1C2C536900F53602 /* AppDelegate.swift */; };
		27C210D11C2C536900F53602 /* RecordSoundsViewController.swift in Sources */ = {isa = PBXBuildFile; fileRef = 27C210D01C2C536900F53602 /* RecordSoundsViewController.swift */; };
		27C210D61C2C536900F53602 /* Assets.xcassets in Resources */ = {isa = PBXBuildFile; fileRef = 27C210D51C2C536900F53602 /* Assets.xcassets */; };
		27C210D91C2C536900F53602 /* LaunchScreen.storyboard in Resources */ = {isa = PBXBuildFile; fileRef = 27C210D71C2C536900F53602 /* LaunchScreen.storyboard */; };
		27C210E41C2C536900F53602 /* Pitch_PerfectTests.swift in Sources */ = {isa = PBXBuildFile; fileRef = 27C210E31C2C536900F53602 /* Pitch_PerfectTests.swift */; };
		27C210EF1C2C536A00F53602 /* Pitch_PerfectUITests.swift in Sources */ = {isa = PBXBuildFile; fileRef = 27C210EE1C2C536A00F53602 /* Pitch_PerfectUITests.swift */; };
		27C210FD1C2C732300F53602 /* PlaySoundsViewController.swift in Sources */ = {isa = PBXBuildFile; fileRef = 27C210FC1C2C732300F53602 /* PlaySoundsViewController.swift */; };
		27C211011C2D655200F53602 /* movie_quote.mp3 in Resources */ = {isa = PBXBuildFile; fileRef = 27C211001C2D655200F53602 /* movie_quote.mp3 */; };
		27C211071C2D902500F53602 /* Main.storyboard in Resources */ = {isa = PBXBuildFile; fileRef = 27C211051C2D902500F53602 /* Main.storyboard */; };
/* End PBXBuildFile section */

/* Begin PBXContainerItemProxy section */
		27C210E01C2C536900F53602 /* PBXContainerItemProxy */ = {
			isa = PBXContainerItemProxy;
			containerPortal = 27C210C31C2C536900F53602 /* Project object */;
			proxyType = 1;
			remoteGlobalIDString = 27C210CA1C2C536900F53602;
			remoteInfo = "Pitch Perfect";
		};
		27C210EB1C2C536A00F53602 /* PBXContainerItemProxy */ = {
			isa = PBXContainerItemProxy;
			containerPortal = 27C210C31C2C536900F53602 /* Project object */;
			proxyType = 1;
			remoteGlobalIDString = 27C210CA1C2C536900F53602;
			remoteInfo = "Pitch Perfect";
		};
/* End PBXContainerItemProxy section */

/* Begin PBXFileReference section */
		2763B9EA1C2D951700FD3CAE /* RecordedAudio.swift */ = {isa = PBXFileReference; fileEncoding = 4; lastKnownFileType = sourcecode.swift; name = RecordedAudio.swift; path = ../RecordedAudio.swift; sourceTree = "<group>"; };
		27C210CB1C2C536900F53602 /* Pitch Perfect.app */ = {isa = PBXFileReference; explicitFileType = wrapper.application; includeInIndex = 0; path = "Pitch Perfect.app"; sourceTree = BUILT_PRODUCTS_DIR; };
		27C210CE1C2C536900F53602 /* AppDelegate.swift */ = {isa = PBXFileReference; lastKnownFileType = sourcecode.swift; path = AppDelegate.swift; sourceTree = "<group>"; };
		27C210D01C2C536900F53602 /* RecordSoundsViewController.swift */ = {isa = PBXFileReference; lastKnownFileType = sourcecode.swift; path = RecordSoundsViewController.swift; sourceTree = "<group>"; };
		27C210D51C2C536900F53602 /* Assets.xcassets */ = {isa = PBXFileReference; lastKnownFileType = folder.assetcatalog; path = Assets.xcassets; sourceTree = "<group>"; };
		27C210D81C2C536900F53602 /* Base */ = {isa = PBXFileReference; lastKnownFileType = file.storyboard; name = Base; path = Base.lproj/LaunchScreen.storyboard; sourceTree = "<group>"; };
		27C210DA1C2C536900F53602 /* Info.plist */ = {isa = PBXFileReference; lastKnownFileType = text.plist.xml; path = Info.plist; sourceTree = "<group>"; };
		27C210DF1C2C536900F53602 /* Pitch PerfectTests.xctest */ = {isa = PBXFileReference; explicitFileType = wrapper.cfbundle; includeInIndex = 0; path = "Pitch PerfectTests.xctest"; sourceTree = BUILT_PRODUCTS_DIR; };
		27C210E31C2C536900F53602 /* Pitch_PerfectTests.swift */ = {isa = PBXFileReference; lastKnownFileType = sourcecode.swift; path = Pitch_PerfectTests.swift; sourceTree = "<group>"; };
		27C210E51C2C536900F53602 /* Info.plist */ = {isa = PBXFileReference; lastKnownFileType = text.plist.xml; path = Info.plist; sourceTree = "<group>"; };
		27C210EA1C2C536A00F53602 /* Pitch PerfectUITests.xctest */ = {isa = PBXFileReference; explicitFileType = wrapper.cfbundle; includeInIndex = 0; path = "Pitch PerfectUITests.xctest"; sourceTree = BUILT_PRODUCTS_DIR; };
		27C210EE1C2C536A00F53602 /* Pitch_PerfectUITests.swift */ = {isa = PBXFileReference; lastKnownFileType = sourcecode.swift; path = Pitch_PerfectUITests.swift; sourceTree = "<group>"; };
		27C210F01C2C536A00F53602 /* Info.plist */ = {isa = PBXFileReference; lastKnownFileType = text.plist.xml; path = Info.plist; sourceTree = "<group>"; };
		27C210FC1C2C732300F53602 /* PlaySoundsViewController.swift */ = {isa = PBXFileReference; fileEncoding = 4; lastKnownFileType = sourcecode.swift; path = PlaySoundsViewController.swift; sourceTree = "<group>"; };
		27C211001C2D655200F53602 /* movie_quote.mp3 */ = {isa = PBXFileReference; lastKnownFileType = audio.mp3; name = movie_quote.mp3; path = ../movie_quote.mp3; sourceTree = "<group>"; };
		27C211061C2D902500F53602 /* Base */ = {isa = PBXFileReference; lastKnownFileType = file.storyboard; name = Base; path = "Pitch Perfect/Base.lproj/Main.storyboard"; sourceTree = "<group>"; };
/* End PBXFileReference section */

/* Begin PBXFrameworksBuildPhase section */
		27C210C81C2C536900F53602 /* Frameworks */ = {
			isa = PBXFrameworksBuildPhase;
			buildActionMask = 2147483647;
			files = (
			);
			runOnlyForDeploymentPostprocessing = 0;
		};
		27C210DC1C2C536900F53602 /* Frameworks */ = {
			isa = PBXFrameworksBuildPhase;
			buildActionMask = 2147483647;
			files = (
			);
			runOnlyForDeploymentPostprocessing = 0;
		};
		27C210E71C2C536900F53602 /* Frameworks */ = {
			isa = PBXFrameworksBuildPhase;
			buildActionMask = 2147483647;
			files = (
			);
			runOnlyForDeploymentPostprocessing = 0;
		};
/* End PBXFrameworksBuildPhase section */

/* Begin PBXGroup section */
		27C210C21C2C536900F53602 = {
			isa = PBXGroup;
			children = (
				27C210CD1C2C536900F53602 /* Pitch Perfect */,
				27C210E21C2C536900F53602 /* Pitch PerfectTests */,
				27C210ED1C2C536A00F53602 /* Pitch PerfectUITests */,
				27C210CC1C2C536900F53602 /* Products */,
			);
			sourceTree = "<group>";
		};
		27C210CC1C2C536900F53602 /* Products */ = {
			isa = PBXGroup;
			children = (
				27C210CB1C2C536900F53602 /* Pitch Perfect.app */,
				27C210DF1C2C536900F53602 /* Pitch PerfectTests.xctest */,
				27C210EA1C2C536A00F53602 /* Pitch PerfectUITests.xctest */,
			);
			name = Products;
			sourceTree = "<group>";
		};
		27C210CD1C2C536900F53602 /* Pitch Perfect */ = {
			isa = PBXGroup;
			children = (
				2763B9EA1C2D951700FD3CAE /* RecordedAudio.swift */,
				27C211021C2D657200F53602 /* Supporting Files */,
				27C210CE1C2C536900F53602 /* AppDelegate.swift */,
				27C211051C2D902500F53602 /* Main.storyboard */,
				27C210D01C2C536900F53602 /* RecordSoundsViewController.swift */,
				27C210FC1C2C732300F53602 /* PlaySoundsViewController.swift */,
				27C210D51C2C536900F53602 /* Assets.xcassets */,
				27C210D71C2C536900F53602 /* LaunchScreen.storyboard */,
				27C210DA1C2C536900F53602 /* Info.plist */,
			);
			path = "Pitch Perfect";
			sourceTree = "<group>";
		};
		27C210E21C2C536900F53602 /* Pitch PerfectTests */ = {
			isa = PBXGroup;
			children = (
				27C210E31C2C536900F53602 /* Pitch_PerfectTests.swift */,
				27C210E51C2C536900F53602 /* Info.plist */,
			);
			path = "Pitch PerfectTests";
			sourceTree = "<group>";
		};
		27C210ED1C2C536A00F53602 /* Pitch PerfectUITests */ = {
			isa = PBXGroup;
			children = (
				27C210EE1C2C536A00F53602 /* Pitch_PerfectUITests.swift */,
				27C210F01C2C536A00F53602 /* Info.plist */,
			);
			path = "Pitch PerfectUITests";
			sourceTree = "<group>";
		};
		27C211021C2D657200F53602 /* Supporting Files */ = {
			isa = PBXGroup;
			children = (
				27C211001C2D655200F53602 /* movie_quote.mp3 */,
			);
			name = "Supporting Files";
			sourceTree = "<group>";
		};
/* End PBXGroup section */

/* Begin PBXNativeTarget section */
		27C210CA1C2C536900F53602 /* Pitch Perfect */ = {
			isa = PBXNativeTarget;
			buildConfigurationList = 27C210F31C2C536A00F53602 /* Build configuration list for PBXNativeTarget "Pitch Perfect" */;
			buildPhases = (
				27C210C71C2C536900F53602 /* Sources */,
				27C210C81C2C536900F53602 /* Frameworks */,
				27C210C91C2C536900F53602 /* Resources */,
			);
			buildRules = (
			);
			dependencies = (
			);
			name = "Pitch Perfect";
			productName = "Pitch Perfect";
			productReference = 27C210CB1C2C536900F53602 /* Pitch Perfect.app */;
			productType = "com.apple.product-type.application";
		};
		27C210DE1C2C536900F53602 /* Pitch PerfectTests */ = {
			isa = PBXNativeTarget;
			buildConfigurationList = 27C210F61C2C536A00F53602 /* Build configuration list for PBXNativeTarget "Pitch PerfectTests" */;
			buildPhases = (
				27C210DB1C2C536900F53602 /* Sources */,
				27C210DC1C2C536900F53602 /* Frameworks */,
				27C210DD1C2C536900F53602 /* Resources */,
			);
			buildRules = (
			);
			dependencies = (
				27C210E11C2C536900F53602 /* PBXTargetDependency */,
			);
			name = "Pitch PerfectTests";
			productName = "Pitch PerfectTests";
			productReference = 27C210DF1C2C536900F53602 /* Pitch PerfectTests.xctest */;
			productType = "com.apple.product-type.bundle.unit-test";
		};
		27C210E91C2C536900F53602 /* Pitch PerfectUITests */ = {
			isa = PBXNativeTarget;
			buildConfigurationList = 27C210F91C2C536A00F53602 /* Build configuration list for PBXNativeTarget "Pitch PerfectUITests" */;
			buildPhases = (
				27C210E61C2C536900F53602 /* Sources */,
				27C210E71C2C536900F53602 /* Frameworks */,
				27C210E81C2C536900F53602 /* Resources */,
			);
			buildRules = (
			);
			dependencies = (
				27C210EC1C2C536A00F53602 /* PBXTargetDependency */,
			);
			name = "Pitch PerfectUITests";
			productName = "Pitch PerfectUITests";
			productReference = 27C210EA1C2C536A00F53602 /* Pitch PerfectUITests.xctest */;
			productType = "com.apple.product-type.bundle.ui-testing";
		};
/* End PBXNativeTarget section */

/* Begin PBXProject section */
		27C210C31C2C536900F53602 /* Project object */ = {
			isa = PBXProject;
			attributes = {
				LastSwiftUpdateCheck = 0720;
				LastUpgradeCheck = 0720;
				ORGANIZATIONNAME = Mike;
				TargetAttributes = {
					27C210CA1C2C536900F53602 = {
						CreatedOnToolsVersion = 7.2;
					};
					27C210DE1C2C536900F53602 = {
						CreatedOnToolsVersion = 7.2;
						TestTargetID = 27C210CA1C2C536900F53602;
					};
					27C210E91C2C536900F53602 = {
						CreatedOnToolsVersion = 7.2;
						TestTargetID = 27C210CA1C2C536900F53602;
					};
				};
			};
			buildConfigurationList = 27C210C61C2C536900F53602 /* Build configuration list for PBXProject "Pitch Perfect" */;
			compatibilityVersion = "Xcode 3.2";
			developmentRegion = English;
			hasScannedForEncodings = 0;
			knownRegions = (
				en,
				Base,
			);
			mainGroup = 27C210C21C2C536900F53602;
			productRefGroup = 27C210CC1C2C536900F53602 /* Products */;
			projectDirPath = "";
			projectRoot = "";
			targets = (
				27C210CA1C2C536900F53602 /* Pitch Perfect */,
				27C210DE1C2C536900F53602 /* Pitch PerfectTests */,
				27C210E91C2C536900F53602 /* Pitch PerfectUITests */,
			);
		};
/* End PBXProject section */

/* Begin PBXResourcesBuildPhase section */
		27C210C91C2C536900F53602 /* Resources */ = {
			isa = PBXResourcesBuildPhase;
			buildActionMask = 2147483647;
			files = (
				27C210D91C2C536900F53602 /* LaunchScreen.storyboard in Resources */,
				27C210D61C2C536900F53602 /* Assets.xcassets in Resources */,
				27C211011C2D655200F53602 /* movie_quote.mp3 in Resources */,
				27C211071C2D902500F53602 /* Main.storyboard in Resources */,
			);
			runOnlyForDeploymentPostprocessing = 0;
		};
		27C210DD1C2C536900F53602 /* Resources */ = {
			isa = PBXResourcesBuildPhase;
			buildActionMask = 2147483647;
			files = (
			);
			runOnlyForDeploymentPostprocessing = 0;
		};
		27C210E81C2C536900F53602 /* Resources */ = {
			isa = PBXResourcesBuildPhase;
			buildActionMask = 2147483647;
			files = (
			);
			runOnlyForDeploymentPostprocessing = 0;
		};
/* End PBXResourcesBuildPhase section */

/* Begin PBXSourcesBuildPhase section */
		27C210C71C2C536900F53602 /* Sources */ = {
			isa = PBXSourcesBuildPhase;
			buildActionMask = 2147483647;
			files = (
				2763B9EB1C2D951700FD3CAE /* RecordedAudio.swift in Sources */,
				27C210D11C2C536900F53602 /* RecordSoundsViewController.swift in Sources */,
				27C210FD1C2C732300F53602 /* PlaySoundsViewController.swift in Sources */,
				27C210CF1C2C536900F53602 /* AppDelegate.swift in Sources */,
			);
			runOnlyForDeploymentPostprocessing = 0;
		};
		27C210DB1C2C536900F53602 /* Sources */ = {
			isa = PBXSourcesBuildPhase;
			buildActionMask = 2147483647;
			files = (
				27C210E41C2C536900F53602 /* Pitch_PerfectTests.swift in Sources */,
			);
			runOnlyForDeploymentPostprocessing = 0;
		};
		27C210E61C2C536900F53602 /* Sources */ = {
			isa = PBXSourcesBuildPhase;
			buildActionMask = 2147483647;
			files = (
				27C210EF1C2C536A00F53602 /* Pitch_PerfectUITests.swift in Sources */,
			);
			runOnlyForDeploymentPostprocessing = 0;
		};
/* End PBXSourcesBuildPhase section */

/* Begin PBXTargetDependency section */
		27C210E11C2C536900F53602 /* PBXTargetDependency */ = {
			isa = PBXTargetDependency;
			target = 27C210CA1C2C536900F53602 /* Pitch Perfect */;
			targetProxy = 27C210E01C2C536900F53602 /* PBXContainerItemProxy */;
		};
		27C210EC1C2C536A00F53602 /* PBXTargetDependency */ = {
			isa = PBXTargetDependency;
			target = 27C210CA1C2C536900F53602 /* Pitch Perfect */;
			targetProxy = 27C210EB1C2C536A00F53602 /* PBXContainerItemProxy */;
		};
/* End PBXTargetDependency section */

/* Begin PBXVariantGroup section */
		27C210D71C2C536900F53602 /* LaunchScreen.storyboard */ = {
			isa = PBXVariantGroup;
			children = (
				27C210D81C2C536900F53602 /* Base */,
			);
			name = LaunchScreen.storyboard;
			sourceTree = "<group>";
		};
		27C211051C2D902500F53602 /* Main.storyboard */ = {
			isa = PBXVariantGroup;
			children = (
				27C211061C2D902500F53602 /* Base */,
			);
			name = Main.storyboard;
			path = ..;
			sourceTree = "<group>";
		};
/* End PBXVariantGroup section */

/* Begin XCBuildConfiguration section */
		27C210F11C2C536A00F53602 /* Debug */ = {
			isa = XCBuildConfiguration;
			buildSettings = {
				ALWAYS_SEARCH_USER_PATHS = NO;
				CLANG_CXX_LANGUAGE_STANDARD = "gnu++0x";
				CLANG_CXX_LIBRARY = "libc++";
				CLANG_ENABLE_MODULES = YES;
				CLANG_ENABLE_OBJC_ARC = YES;
				CLANG_WARN_BOOL_CONVERSION = YES;
				CLANG_WARN_CONSTANT_CONVERSION = YES;
				CLANG_WARN_DIRECT_OBJC_ISA_USAGE = YES_ERROR;
				CLANG_WARN_EMPTY_BODY = YES;
				CLANG_WARN_ENUM_CONVERSION = YES;
				CLANG_WARN_INT_CONVERSION = YES;
				CLANG_WARN_OBJC_ROOT_CLASS = YES_ERROR;
				CLANG_WARN_UNREACHABLE_CODE = YES;
				CLANG_WARN__DUPLICATE_METHOD_MATCH = YES;
				"CODE_SIGN_IDENTITY[sdk=iphoneos*]" = "iPhone Developer";
				COPY_PHASE_STRIP = NO;
				DEBUG_INFORMATION_FORMAT = dwarf;
				ENABLE_STRICT_OBJC_MSGSEND = YES;
				ENABLE_TESTABILITY = YES;
				GCC_C_LANGUAGE_STANDARD = gnu99;
				GCC_DYNAMIC_NO_PIC = NO;
				GCC_NO_COMMON_BLOCKS = YES;
				GCC_OPTIMIZATION_LEVEL = 0;
				GCC_PREPROCESSOR_DEFINITIONS = (
					"DEBUG=1",
					"$(inherited)",
				);
				GCC_WARN_64_TO_32_BIT_CONVERSION = YES;
				GCC_WARN_ABOUT_RETURN_TYPE = YES_ERROR;
				GCC_WARN_UNDECLARED_SELECTOR = YES;
				GCC_WARN_UNINITIALIZED_AUTOS = YES_AGGRESSIVE;
				GCC_WARN_UNUSED_FUNCTION = YES;
				GCC_WARN_UNUSED_VARIABLE = YES;
				IPHONEOS_DEPLOYMENT_TARGET = 9.2;
				MTL_ENABLE_DEBUG_INFO = YES;
				ONLY_ACTIVE_ARCH = YES;
				SDKROOT = iphoneos;
				SWIFT_OPTIMIZATION_LEVEL = "-Onone";
			};
			name = Debug;
		};
		27C210F21C2C536A00F53602 /* Release */ = {
			isa = XCBuildConfiguration;
			buildSettings = {
				ALWAYS_SEARCH_USER_PATHS = NO;
				CLANG_CXX_LANGUAGE_STANDARD = "gnu++0x";
				CLANG_CXX_LIBRARY = "libc++";
				CLANG_ENABLE_MODULES = YES;
				CLANG_ENABLE_OBJC_ARC = YES;
				CLANG_WARN_BOOL_CONVERSION = YES;
				CLANG_WARN_CONSTANT_CONVERSION = YES;
				CLANG_WARN_DIRECT_OBJC_ISA_USAGE = YES_ERROR;
				CLANG_WARN_EMPTY_BODY = YES;
				CLANG_WARN_ENUM_CONVERSION = YES;
				CLANG_WARN_INT_CONVERSION = YES;
				CLANG_WARN_OBJC_ROOT_CLASS = YES_ERROR;
				CLANG_WARN_UNREACHABLE_CODE = YES;
				CLANG_WARN__DUPLICATE_METHOD_MATCH = YES;
				"CODE_SIGN_IDENTITY[sdk=iphoneos*]" = "iPhone Developer";
				COPY_PHASE_STRIP = NO;
				DEBUG_INFORMATION_FORMAT = "dwarf-with-dsym";
				ENABLE_NS_ASSERTIONS = NO;
				ENABLE_STRICT_OBJC_MSGSEND = YES;
				GCC_C_LANGUAGE_STANDARD = gnu99;
				GCC_NO_COMMON_BLOCKS = YES;
				GCC_WARN_64_TO_32_BIT_CONVERSION = YES;
				GCC_WARN_ABOUT_RETURN_TYPE = YES_ERROR;
				GCC_WARN_UNDECLARED_SELECTOR = YES;
				GCC_WARN_UNINITIALIZED_AUTOS = YES_AGGRESSIVE;
				GCC_WARN_UNUSED_FUNCTION = YES;
				GCC_WARN_UNUSED_VARIABLE = YES;
				IPHONEOS_DEPLOYMENT_TARGET = 9.2;
				MTL_ENABLE_DEBUG_INFO = NO;
				SDKROOT = iphoneos;
				VALIDATE_PRODUCT = YES;
			};
			name = Release;
		};
		27C210F41C2C536A00F53602 /* Debug */ = {
			isa = XCBuildConfiguration;
			buildSettings = {
				ASSETCATALOG_COMPILER_APPICON_NAME = AppIcon;
				INFOPLIST_FILE = "Pitch Perfect/Info.plist";
				LD_RUNPATH_SEARCH_PATHS = "$(inherited) @executable_path/Frameworks";
				PRODUCT_BUNDLE_IDENTIFIER = "com.mikedrabic.Pitch-Perfect";
				PRODUCT_NAME = "$(TARGET_NAME)";
			};
			name = Debug;
		};
		27C210F51C2C536A00F53602 /* Release */ = {
			isa = XCBuildConfiguration;
			buildSettings = {
				ASSETCATALOG_COMPILER_APPICON_NAME = AppIcon;
				INFOPLIST_FILE = "Pitch Perfect/Info.plist";
				LD_RUNPATH_SEARCH_PATHS = "$(inherited) @executable_path/Frameworks";
				PRODUCT_BUNDLE_IDENTIFIER = "com.mikedrabic.Pitch-Perfect";
				PRODUCT_NAME = "$(TARGET_NAME)";
			};
			name = Release;
		};
		27C210F71C2C536A00F53602 /* Debug */ = {
			isa = XCBuildConfiguration;
			buildSettings = {
				BUNDLE_LOADER = "$(TEST_HOST)";
				INFOPLIST_FILE = "Pitch PerfectTests/Info.plist";
				LD_RUNPATH_SEARCH_PATHS = "$(inherited) @executable_path/Frameworks @loader_path/Frameworks";
				PRODUCT_BUNDLE_IDENTIFIER = "com.mikedrabic.Pitch-PerfectTests";
				PRODUCT_NAME = "$(TARGET_NAME)";
				TEST_HOST = "$(BUILT_PRODUCTS_DIR)/Pitch Perfect.app/Pitch Perfect";
			};
			name = Debug;
		};
		27C210F81C2C536A00F53602 /* Release */ = {
			isa = XCBuildConfiguration;
			buildSettings = {
				BUNDLE_LOADER = "$(TEST_HOST)";
				INFOPLIST_FILE = "Pitch PerfectTests/Info.plist";
				LD_RUNPATH_SEARCH_PATHS = "$(inherited) @executable_path/Frameworks @loader_path/Frameworks";
				PRODUCT_BUNDLE_IDENTIFIER = "com.mikedrabic.Pitch-PerfectTests";
				PRODUCT_NAME = "$(TARGET_NAME)";
				TEST_HOST = "$(BUILT_PRODUCTS_DIR)/Pitch Perfect.app/Pitch Perfect";
			};
			name = Release;
		};
		27C210FA1C2C536A00F53602 /* Debug */ = {
			isa = XCBuildConfiguration;
			buildSettings = {
				INFOPLIST_FILE = "Pitch PerfectUITests/Info.plist";
				LD_RUNPATH_SEARCH_PATHS = "$(inherited) @executable_path/Frameworks @loader_path/Frameworks";
				PRODUCT_BUNDLE_IDENTIFIER = "com.mikedrabic.Pitch-PerfectUITests";
				PRODUCT_NAME = "$(TARGET_NAME)";
				TEST_TARGET_NAME = "Pitch Perfect";
				USES_XCTRUNNER = YES;
			};
			name = Debug;
		};
		27C210FB1C2C536A00F53602 /* Release */ = {
			isa = XCBuildConfiguration;
			buildSettings = {
				INFOPLIST_FILE = "Pitch PerfectUITests/Info.plist";
				LD_RUNPATH_SEARCH_PATHS = "$(inherited) @executable_path/Frameworks @loader_path/Frameworks";
				PRODUCT_BUNDLE_IDENTIFIER = "com.mikedrabic.Pitch-PerfectUITests";
				PRODUCT_NAME = "$(TARGET_NAME)";
				TEST_TARGET_NAME = "Pitch Perfect";
				USES_XCTRUNNER = YES;
			};
			name = Release;
		};
/* End XCBuildConfiguration section */

/* Begin XCConfigurationList section */
		27C210C61C2C536900F53602 /* Build configuration list for PBXProject "Pitch Perfect" */ = {
			isa = XCConfigurationList;
			buildConfigurations = (
				27C210F11C2C536A00F53602 /* Debug */,
				27C210F21C2C536A00F53602 /* Release */,
			);
			defaultConfigurationIsVisible = 0;
			defaultConfigurationName = Release;
		};
		27C210F31C2C536A00F53602 /* Build configuration list for PBXNativeTarget "Pitch Perfect" */ = {
			isa = XCConfigurationList;
			buildConfigurations = (
				27C210F41C2C536A00F53602 /* Debug */,
				27C210F51C2C536A00F53602 /* Release */,
			);
			defaultConfigurationIsVisible = 0;
			defaultConfigurationName = Release;
		};
		27C210F61C2C536A00F53602 /* Build configuration list for PBXNativeTarget "Pitch PerfectTests" */ = {
			isa = XCConfigurationList;
			buildConfigurations = (
				27C210F71C2C536A00F53602 /* Debug */,
				27C210F81C2C536A00F53602 /* Release */,
			);
			defaultConfigurationIsVisible = 0;
			defaultConfigurationName = Release;
		};
		27C210F91C2C536A00F53602 /* Build configuration list for PBXNativeTarget "Pitch PerfectUITests" */ = {
			isa = XCConfigurationList;
			buildConfigurations = (
				27C210FA1C2C536A00F53602 /* Debug */,
				27C210FB1C2C536A00F53602 /* Release */,
			);
			defaultConfigurationIsVisible = 0;
			defaultConfigurationName = Release;
		};
/* End XCConfigurationList section */
	};
	rootObject = 27C210C31C2C536900F53602 /* Project object */;
}
